
Microsoft Visual Studio Solution File, Format Version 12.00
# Visual Studio 15
VisualStudioVersion = 15.0.27428.2027
MinimumVisualStudioVersion = 10.0.40219.1
Project("{9A19103F-16F7-4668-BE54-9A1E7A4F7556}") = "LRUCache", "LRUCache\LRUCache.csproj", "{E5C0F5E8-A24C-4AE5-83A6-D1623B2424A2}"
EndProject
Project("{FAE04EC0-301F-11D3-BF4B-00C04F79EFBC}") = "LRUClient", "LRUClient\LRUClient.csproj", "{7947CF34-BA40-4778-B7FA-A3FCF778273F}"
EndProject
Project("{FAE04EC0-301F-11D3-BF4B-00C04F79EFBC}") = "Remote", "DAL\Remote.csproj", "{A6365F5F-03FE-4A39-AE67-4199E321C97D}"
EndProject
Project("{FAE04EC0-301F-11D3-BF4B-00C04F79EFBC}") = "UnitTest", "UnitTest\UnitTest.csproj", "{5E05DE1C-B5C2-4653-92F5-51D664D7D46A}"
EndProject
Global
	GlobalSection(SolutionConfigurationPlatforms) = preSolution
		Debug|Any CPU = Debug|Any CPU
		Release|Any CPU = Release|Any CPU
	EndGlobalSection
	GlobalSection(ProjectConfigurationPlatforms) = postSolution
		{E5C0F5E8-A24C-4AE5-83A6-D1623B2424A2}.Debug|Any CPU.ActiveCfg = Debug|Any CPU
		{E5C0F5E8-A24C-4AE5-83A6-D1623B2424A2}.Debug|Any CPU.Build.0 = Debug|Any CPU
		{E5C0F5E8-A24C-4AE5-83A6-D1623B2424A2}.Release|Any CPU.ActiveCfg = Release|Any CPU
		{E5C0F5E8-A24C-4AE5-83A6-D1623B2424A2}.Release|Any CPU.Build.0 = Release|Any CPU
		{7947CF34-BA40-4778-B7FA-A3FCF778273F}.Debug|Any CPU.ActiveCfg = Debug|Any CPU
		{7947CF34-BA40-4778-B7FA-A3FCF778273F}.Debug|Any CPU.Build.0 = Debug|Any CPU
		{7947CF34-BA40-4778-B7FA-A3FCF778273F}.Release|Any CPU.ActiveCfg = Release|Any CPU
		{7947CF34-BA40-4778-B7FA-A3FCF778273F}.Release|Any CPU.Build.0 = Release|Any CPU
		{A6365F5F-03FE-4A39-AE67-4199E321C97D}.Debug|Any CPU.ActiveCfg = Debug|Any CPU
		{A6365F5F-03FE-4A39-AE67-4199E321C97D}.Debug|Any CPU.Build.0 = Debug|Any CPU
		{A6365F5F-03FE-4A39-AE67-4199E321C97D}.Release|Any CPU.ActiveCfg = Release|Any CPU
		{A6365F5F-03FE-4A39-AE67-4199E321C97D}.Release|Any CPU.Build.0 = Release|Any CPU
		{5E05DE1C-B5C2-4653-92F5-51D664D7D46A}.Debug|Any CPU.ActiveCfg = Debug|Any CPU
		{5E05DE1C-B5C2-4653-92F5-51D664D7D46A}.Debug|Any CPU.Build.0 = Debug|Any CPU
		{5E05DE1C-B5C2-4653-92F5-51D664D7D46A}.Release|Any CPU.ActiveCfg = Release|Any CPU
		{5E05DE1C-B5C2-4653-92F5-51D664D7D46A}.Release|Any CPU.Build.0 = Release|Any CPU
	EndGlobalSection
	GlobalSection(SolutionProperties) = preSolution
		HideSolutionNode = FALSE
	EndGlobalSection
	GlobalSection(ExtensibilityGlobals) = postSolution
		SolutionGuid = {8EB1CE94-70E9-413B-8EF9-173B0FAFB9B2}
	EndGlobalSection
EndGlobal
